<?xml version="1.0" encoding="utf-8"?>
<Project ToolsVersion="4.0" xmlns="http://schemas.microsoft.com/developer/msbuild/2003">
  <ItemGroup>
    <Filter Include="src">
      <UniqueIdentifier>{2DAB880B-99B4-887C-2230-9F7C8E38947C}</UniqueIdentifier>
    </Filter>
    <Filter Include="src\Core">
      <UniqueIdentifier>{A5D31CCF-91A0-77DA-BAB9-6582A6E5AC68}</UniqueIdentifier>
    </Filter>
    <Filter Include="src\DSAL">
      <UniqueIdentifier>{80E21CCF-6CAF-77DA-95C8-658281F4AC68}</UniqueIdentifier>
    </Filter>
    <Filter Include="src\Graphics">
      <UniqueIdentifier>{0D564864-F9B8-D708-A23E-10BF8E80A38B}</UniqueIdentifier>
    </Filter>
    <Filter Include="src\Graphics\D3D11">
      <UniqueIdentifier>{B902F4E5-A5E6-B43B-0E47-AF8EFA499FBD}</UniqueIdentifier>
    </Filter>
    <Filter Include="src\Graphics\D3D11\PipelineState">
      <UniqueIdentifier>{7F933592-6BE4-20D4-9448-0F9680F8B33D}</UniqueIdentifier>
    </Filter>
    <Filter Include="src\Graphics\D3D11\RootSignature">
      <UniqueIdentifier>{9E09E7A8-8A5A-D2EA-B3BE-C0AC9F6E6554}</UniqueIdentifier>
    </Filter>
    <Filter Include="src\Graphics\D3D11\TEMP">
      <UniqueIdentifier>{9E5DD11B-0A95-19B3-139F-7DD67F5540AC}</UniqueIdentifier>
    </Filter>
    <Filter Include="src\Graphics\HLSL">
      <UniqueIdentifier>{6F6FBC0E-DB85-BAA4-24FD-45C690528B2C}</UniqueIdentifier>
    </Filter>
    <Filter Include="src\Memory">
      <UniqueIdentifier>{F56D3C20-E125-7E6D-4A2D-57C93604195E}</UniqueIdentifier>
    </Filter>
    <Filter Include="src\Platform">
      <UniqueIdentifier>{21CA02E5-0D2D-9289-B6B2-CA3FA2F45D0C}</UniqueIdentifier>
    </Filter>
    <Filter Include="src\Thread">
      <UniqueIdentifier>{F464C930-E01C-0B7E-4924-E4D935FBA56E}</UniqueIdentifier>
    </Filter>
    <Filter Include="src\Utils">
      <UniqueIdentifier>{4D9AFFB3-B904-B42A-0243-65D06EEC917F}</UniqueIdentifier>
    </Filter>
  </ItemGroup>
  <ItemGroup>
    <ClInclude Include="src\Core\Application.h">
      <Filter>src\Core</Filter>
    </ClInclude>
    <ClInclude Include="src\Core\Core.h">
      <Filter>src\Core</Filter>
    </ClInclude>
    <ClInclude Include="src\Core\Log.h">
      <Filter>src\Core</Filter>
    </ClInclude>
    <ClInclude Include="src\DSAL\x_circular_queue.h">
      <Filter>src\DSAL</Filter>
    </ClInclude>
    <ClInclude Include="src\Engine.h">
      <Filter>src</Filter>
    </ClInclude>
    <ClInclude Include="src\EntryPoint.h">
      <Filter>src</Filter>
    </ClInclude>
    <ClInclude Include="src\Graphics\D3D11\D3D11Core.h">
      <Filter>src\Graphics\D3D11</Filter>
    </ClInclude>
    <ClInclude Include="src\Graphics\D3D11\SceneGraph\D3D11IndexBuffer.h">
      <Filter>src\Graphics\D3D11</Filter>
    </ClInclude>
    <ClInclude Include="src\Graphics\D3D11\SceneGraph\D3D11MeshDataHolder.h">
      <Filter>src\Graphics\D3D11</Filter>
    </ClInclude>
    <ClInclude Include="src\Graphics\D3D11\SceneGraph\D3D11VertexBuffer.h">
      <Filter>src\Graphics\D3D11</Filter>
    </ClInclude>
    <ClInclude Include="src\Graphics\D3D11\PipelineState\D3D11InputLayout.h">
      <Filter>src\Graphics\D3D11\PipelineState</Filter>
    </ClInclude>
    <ClInclude Include="src\Graphics\D3D11\PipelineState\D3D11PSOLibrary.h">
      <Filter>src\Graphics\D3D11\PipelineState</Filter>
    </ClInclude>
    <ClInclude Include="src\Graphics\D3D11\PipelineState\D3D11PipelineStateCommon.h">
      <Filter>src\Graphics\D3D11\PipelineState</Filter>
    </ClInclude>
    <ClInclude Include="src\Graphics\D3D11\PipelineState\D3D11PipelineStateHolder.h">
      <Filter>src\Graphics\D3D11\PipelineState</Filter>
    </ClInclude>
    <ClInclude Include="src\Graphics\D3D11\PipelineState\D3D11PipelineStateObject.h">
      <Filter>src\Graphics\D3D11\PipelineState</Filter>
    </ClInclude>
    <ClInclude Include="src\Graphics\D3D11\PipelineState\D3D11PixelShader.h">
      <Filter>src\Graphics\D3D11\PipelineState</Filter>
    </ClInclude>
    <ClInclude Include="src\Graphics\D3D11\PipelineState\D3D11VertexShader.h">
      <Filter>src\Graphics\D3D11\PipelineState</Filter>
    </ClInclude>
    <ClInclude Include="src\Graphics\D3D11\ConstantBuffer\D3D11ConstantBuffer.h">
      <Filter>src\Graphics\D3D11\RootSignature</Filter>
    </ClInclude>
    <ClInclude Include="src\Graphics\D3D11\D3D11Sampler.h">
      <Filter>src\Graphics\D3D11\RootSignature</Filter>
    </ClInclude>
    <ClInclude Include="src\Graphics\D3D11\ShaderResource\D3D11ShaderResource.h">
      <Filter>src\Graphics\D3D11\RootSignature</Filter>
    </ClInclude>
    <ClInclude Include="src\Graphics\D3D11\TEMP\Triangle.h">
      <Filter>src\Graphics\D3D11\TEMP</Filter>
    </ClInclude>
    <ClInclude Include="src\Graphics\D3DCamera.h">
      <Filter>src\Graphics</Filter>
    </ClInclude>
    <ClInclude Include="src\Graphics\D3D11\SceneGraph\D3D11ModelQuery.h">
      <Filter>src\Graphics</Filter>
    </ClInclude>
    <ClInclude Include="src\Graphics\D3D11\SceneGraph\D3D11SceneGraph.h">
      <Filter>src\Graphics</Filter>
    </ClInclude>
    <ClInclude Include="src\Graphics\GraphicsContext.h">
      <Filter>src\Graphics</Filter>
    </ClInclude>
    <ClInclude Include="src\Memory\MemoryAllocator.h">
      <Filter>src\Memory</Filter>
    </ClInclude>
    <ClInclude Include="src\Memory\MemoryLib.h">
      <Filter>src\Memory</Filter>
    </ClInclude>
    <ClInclude Include="src\Memory\MemoryPool.h">
      <Filter>src\Memory</Filter>
    </ClInclude>
    <ClInclude Include="src\Platform\Input.h">
      <Filter>src\Platform</Filter>
    </ClInclude>
    <ClInclude Include="src\Platform\Platform.h">
      <Filter>src\Platform</Filter>
    </ClInclude>
    <ClInclude Include="src\Thread\DeadLockProfiler.h">
      <Filter>src\Thread</Filter>
    </ClInclude>
    <ClInclude Include="src\Thread\GlobalQueue.h">
      <Filter>src\Thread</Filter>
    </ClInclude>
    <ClInclude Include="src\Thread\Job.h">
      <Filter>src\Thread</Filter>
    </ClInclude>
    <ClInclude Include="src\Thread\JobQueue.h">
      <Filter>src\Thread</Filter>
    </ClInclude>
    <ClInclude Include="src\Thread\Lock.h">
      <Filter>src\Thread</Filter>
    </ClInclude>
    <ClInclude Include="src\Thread\LockQueue.h">
      <Filter>src\Thread</Filter>
    </ClInclude>
    <ClInclude Include="src\Thread\ThreadMan.h">
      <Filter>src\Thread</Filter>
    </ClInclude>
    <ClInclude Include="src\Utils\Clk.h">
      <Filter>src\Utils</Filter>
    </ClInclude>
    <ClInclude Include="src\pch.h">
      <Filter>src</Filter>
    </ClInclude>
    <ClInclude Include="src\Graphics\D3D11\ShaderResource\D3D11DiffuseMap.h" />
    <ClInclude Include="src\Graphics\D3D11\ShaderResource\D3D11SpecularMap.h" />
    <ClInclude Include="src\Graphics\D3D11\ShaderResource\D3D11NormalMap.h" />
    <ClInclude Include="src\Graphics\D3D11\ConstantBuffer\D3D11LightPoint.h" />
    <ClInclude Include="src\Graphics\D3D11\ConstantBuffer\D3D11LightDirectional.h" />
    <ClInclude Include="src\Graphics\D3D11\ConstantBuffer\D3D11LightSpot.h" />
    <ClInclude Include="src\Graphics\D3D11\ConstantBuffer\D3D11TransformMVP.h" />
    <ClInclude Include="src\Graphics\D3D11\D3D11RenderObject.h" />
    <ClInclude Include="src\Graphics\D3D11\RenderStrategy\D3D11RenderStrategy.h" />
    <ClInclude Include="src\Graphics\D3D11\RenderStrategy\D3D11SolidStrategy.h" />
    <ClInclude Include="src\Graphics\D3D11\RenderStrategy\D3D11TexturedStrategy.h" />
    <ClInclude Include="src\Graphics\D3D11\RenderStrategy\D3D11BlinPhongSolidStrategy.h" />
    <ClInclude Include="src\Graphics\D3D11\RenderStrategy\D3D11BlinPhongTexturedStrategy.h" />
    <ClInclude Include="src\Graphics\D3D11\RenderStrategy\D3D11BlinPhongNormMapStrategy.h" />
    <ClInclude Include="src\Graphics\D3D11\RenderStrategy\D3D11BlinPhongNormSpecMapStrategy.h" />
    <ClInclude Include="src\Graphics\D3D11\SceneGraph\D3D11SceneMan.h" />
    <ClInclude Include="src\Graphics\D3D11\DummyEnd.h" />
    <ClInclude Include="src\Graphics\D3D11\ShaderResource\D3D11ShaderResourcesInclude.h" />
    <ClInclude Include="src\Graphics\D3D11\RenderStrategy\D3D11RenderStrategyInclude.h" />
    <ClInclude Include="src\Graphics\D3D11\SceneGraph\D3D11VertexAttribute.h" />
    <ClInclude Include="src\Graphics\D3D11\SceneGraph\D3D11Material.h" />
  </ItemGroup>
  <ItemGroup>
    <ClCompile Include="src\Core\Application.cpp">
      <Filter>src\Core</Filter>
    </ClCompile>
    <ClCompile Include="src\Core\Log.cpp">
      <Filter>src\Core</Filter>
    </ClCompile>
    <ClCompile Include="src\Graphics\D3D11\D3D11Core.cpp">
      <Filter>src\Graphics\D3D11</Filter>
    </ClCompile>
    <ClCompile Include="src\Graphics\D3D11\SceneGraph\D3D11IndexBuffer.cpp">
      <Filter>src\Graphics\D3D11</Filter>
    </ClCompile>
    <ClCompile Include="src\Graphics\D3D11\SceneGraph\D3D11MeshDataHolder.cpp">
      <Filter>src\Graphics\D3D11</Filter>
    </ClCompile>
    <ClCompile Include="src\Graphics\D3D11\SceneGraph\D3D11VertexBuffer.cpp">
      <Filter>src\Graphics\D3D11</Filter>
    </ClCompile>
    <ClCompile Include="src\Graphics\D3D11\PipelineState\D3D11InputLayout.cpp">
      <Filter>src\Graphics\D3D11\PipelineState</Filter>
    </ClCompile>
    <ClCompile Include="src\Graphics\D3D11\PipelineState\D3D11PSOLibrary.cpp">
      <Filter>src\Graphics\D3D11\PipelineState</Filter>
    </ClCompile>
    <ClCompile Include="src\Graphics\D3D11\PipelineState\D3D11PipelineStateHolder.cpp">
      <Filter>src\Graphics\D3D11\PipelineState</Filter>
    </ClCompile>
    <ClCompile Include="src\Graphics\D3D11\PipelineState\D3D11PipelineStateObject.cpp">
      <Filter>src\Graphics\D3D11\PipelineState</Filter>
    </ClCompile>
    <ClCompile Include="src\Graphics\D3D11\PipelineState\D3D11PixelShader.cpp">
      <Filter>src\Graphics\D3D11\PipelineState</Filter>
    </ClCompile>
    <ClCompile Include="src\Graphics\D3D11\PipelineState\D3D11VertexShader.cpp">
      <Filter>src\Graphics\D3D11\PipelineState</Filter>
    </ClCompile>
    <ClCompile Include="src\Graphics\D3D11\ConstantBuffer\D3D11ConstantBuffer.cpp">
      <Filter>src\Graphics\D3D11\RootSignature</Filter>
    </ClCompile>
    <ClCompile Include="src\Graphics\D3D11\D3D11Sampler.cpp">
      <Filter>src\Graphics\D3D11\RootSignature</Filter>
    </ClCompile>
    <ClCompile Include="src\Graphics\D3D11\ShaderResource\D3D11ShaderResource.cpp">
      <Filter>src\Graphics\D3D11\RootSignature</Filter>
    </ClCompile>
    <ClCompile Include="src\Graphics\D3D11\TEMP\Triangle.cpp">
      <Filter>src\Graphics\D3D11\TEMP</Filter>
    </ClCompile>
    <ClCompile Include="src\Graphics\D3DCamera.cpp">
      <Filter>src\Graphics</Filter>
    </ClCompile>
    <ClCompile Include="src\Graphics\D3D11\SceneGraph\D3D11ModelQuery.cpp">
      <Filter>src\Graphics</Filter>
    </ClCompile>
    <ClCompile Include="src\Graphics\D3D11\SceneGraph\D3D11SceneGraph.cpp">
      <Filter>src\Graphics</Filter>
    </ClCompile>
    <ClCompile Include="src\Graphics\GraphicsContext.cpp">
      <Filter>src\Graphics</Filter>
    </ClCompile>
    <ClCompile Include="src\Memory\MemoryAllocator.cpp">
      <Filter>src\Memory</Filter>
    </ClCompile>
    <ClCompile Include="src\Memory\MemoryLib.cpp">
      <Filter>src\Memory</Filter>
    </ClCompile>
    <ClCompile Include="src\Memory\MemoryPool.cpp">
      <Filter>src\Memory</Filter>
    </ClCompile>
    <ClCompile Include="src\Platform\Input.cpp">
      <Filter>src\Platform</Filter>
    </ClCompile>
    <ClCompile Include="src\Platform\Platform.cpp">
      <Filter>src\Platform</Filter>
    </ClCompile>
    <ClCompile Include="src\Thread\DeadLockProfiler.cpp">
      <Filter>src\Thread</Filter>
    </ClCompile>
    <ClCompile Include="src\Thread\GlobalQueue.cpp">
      <Filter>src\Thread</Filter>
    </ClCompile>
    <ClCompile Include="src\Thread\JobQueue.cpp">
      <Filter>src\Thread</Filter>
    </ClCompile>
    <ClCompile Include="src\Thread\Lock.cpp">
      <Filter>src\Thread</Filter>
    </ClCompile>
    <ClCompile Include="src\Thread\ThreadMan.cpp">
      <Filter>src\Thread</Filter>
    </ClCompile>
    <ClCompile Include="src\Utils\Clk.cpp">
      <Filter>src\Utils</Filter>
    </ClCompile>
    <ClCompile Include="src\pch.cpp">
      <Filter>src</Filter>
    </ClCompile>
    <ClCompile Include="src\Graphics\D3D11\ShaderResource\D3D11DiffuseMap.cpp" />
    <ClCompile Include="src\Graphics\D3D11\ShaderResource\D3D11SpecularMap.cpp" />
    <ClCompile Include="src\Graphics\D3D11\ShaderResource\D3D11NormalMap.cpp" />
    <ClCompile Include="src\Graphics\D3D11\ConstantBuffer\D3D11LightPoint.cpp" />
    <ClCompile Include="src\Graphics\D3D11\ConstantBuffer\D3D11LightDirectional.cpp" />
    <ClCompile Include="src\Graphics\D3D11\ConstantBuffer\D3D11LightSpot.cpp" />
    <ClCompile Include="src\Graphics\D3D11\ConstantBuffer\D3D11TransformMVP.cpp" />
    <ClCompile Include="src\Graphics\D3D11\D3D11RenderObject.cpp" />
    <ClCompile Include="src\Graphics\D3D11\RenderStrategy\D3D11SolidStrategy.cpp" />
    <ClCompile Include="src\Graphics\D3D11\RenderStrategy\D3D11TexturedStrategy.cpp" />
    <ClCompile Include="src\Graphics\D3D11\RenderStrategy\D3D11BlinPhongSolidStrategy.cpp" />
    <ClCompile Include="src\Graphics\D3D11\RenderStrategy\D3D11BlinPhongTexturedStrategy.cpp" />
    <ClCompile Include="src\Graphics\D3D11\RenderStrategy\D3D11BlinPhongNormMapStrategy.cpp" />
    <ClCompile Include="src\Graphics\D3D11\RenderStrategy\D3D11BlinPhongNormSpecMapStrategy.cpp" />
    <ClCompile Include="src\Graphics\D3D11\SceneGraph\D3D11SceneMan.cpp" />
    <ClCompile Include="src\Graphics\D3D11\RenderStrategy\D3D11RenderStrategy.cpp" />
    <ClCompile Include="src\Graphics\D3D11\SceneGraph\D3D11VertexAttribute.cpp" />
    <ClCompile Include="src\Graphics\D3D11\SceneGraph\D3D11Material.cpp" />
  </ItemGroup>
  <ItemGroup>
    <FxCompile Include="src\Graphics\HLSL\solid_PS.hlsl">
      <Filter>src\Graphics\HLSL</Filter>
    </FxCompile>
    <FxCompile Include="src\Graphics\HLSL\solid_VS.hlsl">
      <Filter>src\Graphics\HLSL</Filter>
    </FxCompile>
    <FxCompile Include="src\Graphics\HLSL\solid_pos3_nor_tex2_dif_PS.hlsl">
      <Filter>src\Graphics\HLSL</Filter>
    </FxCompile>
    <FxCompile Include="src\Graphics\HLSL\solid_pos3_nor_tex2_dif_VS.hlsl">
      <Filter>src\Graphics\HLSL</Filter>
    </FxCompile>
    <FxCompile Include="src\Graphics\HLSL\solid_texture_PS.hlsl">
      <Filter>src\Graphics\HLSL</Filter>
    </FxCompile>
    <FxCompile Include="src\Graphics\HLSL\solid_texture_VS.hlsl">
      <Filter>src\Graphics\HLSL</Filter>
    </FxCompile>
  </ItemGroup>
  <ItemGroup>
    <None Include="packages.config" />
  </ItemGroup>
</Project>