<?xml version="1.0" encoding="utf-8"?>
<Project ToolsVersion="4.0" xmlns="http://schemas.microsoft.com/developer/msbuild/2003">
  <ItemGroup>
    <Filter Include="Core">
      <UniqueIdentifier>{2EB4837C-1AEB-840D-C3D7-6A10AFED000F}</UniqueIdentifier>
    </Filter>
    <Filter Include="DSAL">
      <UniqueIdentifier>{09C3837C-F5F9-840D-9EE6-6A108AFC000F}</UniqueIdentifier>
    </Filter>
    <Filter Include="Graphics">
      <UniqueIdentifier>{1653CE33-0220-293F-2B39-17E717655ECD}</UniqueIdentifier>
    </Filter>
    <Filter Include="Graphics\D3D11">
      <UniqueIdentifier>{82E20F88-6EB0-038E-5744-74B443B1DFF2}</UniqueIdentifier>
    </Filter>
    <Filter Include="Graphics\D3D11\ConstantBuffer">
      <UniqueIdentifier>{95B306B6-01CC-EDDF-CA78-7D7936508279}</UniqueIdentifier>
    </Filter>
    <Filter Include="Graphics\D3D11\Effect">
      <UniqueIdentifier>{FE43E0E2-6AB0-9BDD-33A4-333B9FCFBD45}</UniqueIdentifier>
    </Filter>
    <Filter Include="Graphics\D3D11\GeometryPipeline">
      <UniqueIdentifier>{13B8ED46-7F9B-FC86-889E-2AC3F400C3D7}</UniqueIdentifier>
    </Filter>
    <Filter Include="Graphics\D3D11\PipelineState">
      <UniqueIdentifier>{08DF40B3-F499-305F-9D51-A9A989EB7AEF}</UniqueIdentifier>
    </Filter>
    <Filter Include="Graphics\D3D11\RenderObject">
      <UniqueIdentifier>{88E1E509-F4EE-13F0-7DD5-0FDBE9E1DFA6}</UniqueIdentifier>
    </Filter>
    <Filter Include="Graphics\D3D11\RenderPass">
      <UniqueIdentifier>{681513FB-D4D7-4685-1D88-D51189891F63}</UniqueIdentifier>
    </Filter>
    <Filter Include="Graphics\D3D11\RenderStrategy">
      <UniqueIdentifier>{0400EE47-7018-D571-39C5-640BA59C690B}</UniqueIdentifier>
    </Filter>
    <Filter Include="Graphics\D3D11\SceneGraph">
      <UniqueIdentifier>{F12EA3C6-5DF1-D650-A6A1-65DD12A3AF2E}</UniqueIdentifier>
    </Filter>
    <Filter Include="Graphics\D3D11\ShaderResource">
      <UniqueIdentifier>{D0765789-3C8F-3EB3-053C-CE4C7113D34C}</UniqueIdentifier>
    </Filter>
    <Filter Include="Graphics\GUI">
      <UniqueIdentifier>{2AED684A-1650-F8EE-BFD5-30A5AB17C471}</UniqueIdentifier>
    </Filter>
    <Filter Include="Graphics\HLSL">
      <UniqueIdentifier>{18FA8697-84BA-02CE-4DF5-4B4BB97447AA}</UniqueIdentifier>
    </Filter>
    <Filter Include="Graphics\HLSL_PS">
      <UniqueIdentifier>{DA81EB3A-C67A-0A8D-EFAC-EF11DB04EA98}</UniqueIdentifier>
    </Filter>
    <Filter Include="Graphics\HLSL_VS">
      <UniqueIdentifier>{A082EB3A-8C7B-0A8D-B5AD-EF11A105EA98}</UniqueIdentifier>
    </Filter>
    <Filter Include="Memory">
      <UniqueIdentifier>{BE94DDC2-AA36-0899-93F1-1BED7F328FE9}</UniqueIdentifier>
    </Filter>
    <Filter Include="Platform">
      <UniqueIdentifier>{2AC788B4-1694-E3BF-3FAD-D1672BD9184E}</UniqueIdentifier>
    </Filter>
    <Filter Include="Thread">
      <UniqueIdentifier>{BD8B6AD3-A92D-95A9-92E8-A8FD7E291CFA}</UniqueIdentifier>
    </Filter>
    <Filter Include="Utils">
      <UniqueIdentifier>{F68B420E-62A0-6ABF-2B22-0E1F97F566F0}</UniqueIdentifier>
    </Filter>
  </ItemGroup>
  <ItemGroup>
    <ClInclude Include="src\Core\Application.h">
      <Filter>Core</Filter>
    </ClInclude>
    <ClInclude Include="src\Core\Core.h">
      <Filter>Core</Filter>
    </ClInclude>
    <ClInclude Include="src\Core\Log.h">
      <Filter>Core</Filter>
    </ClInclude>
    <ClInclude Include="src\DSAL\x_circular_queue.h">
      <Filter>DSAL</Filter>
    </ClInclude>
    <ClInclude Include="src\Engine.h" />
    <ClInclude Include="src\EntryPoint.h" />
    <ClInclude Include="src\Graphics\D3D11\ConstantBuffer\D3D11ConstantBuffer.h">
      <Filter>Graphics\D3D11\ConstantBuffer</Filter>
    </ClInclude>
    <ClInclude Include="src\Graphics\D3D11\ConstantBuffer\D3D11DirectionalLight.h">
      <Filter>Graphics\D3D11\ConstantBuffer</Filter>
    </ClInclude>
    <ClInclude Include="src\Graphics\D3D11\ConstantBuffer\D3D11GlobalConstants.h">
      <Filter>Graphics\D3D11\ConstantBuffer</Filter>
    </ClInclude>
    <ClInclude Include="src\Graphics\D3D11\ConstantBuffer\D3D11HemisphericAmbientLight.h">
      <Filter>Graphics\D3D11\ConstantBuffer</Filter>
    </ClInclude>
    <ClInclude Include="src\Graphics\D3D11\ConstantBuffer\D3D11LightSpot.h">
      <Filter>Graphics\D3D11\ConstantBuffer</Filter>
    </ClInclude>
    <ClInclude Include="src\Graphics\D3D11\ConstantBuffer\D3D11PhongConstants.h">
      <Filter>Graphics\D3D11\ConstantBuffer</Filter>
    </ClInclude>
    <ClInclude Include="src\Graphics\D3D11\ConstantBuffer\D3D11PointLight.h">
      <Filter>Graphics\D3D11\ConstantBuffer</Filter>
    </ClInclude>
    <ClInclude Include="src\Graphics\D3D11\ConstantBuffer\D3D11SolidConstant.h">
      <Filter>Graphics\D3D11\ConstantBuffer</Filter>
    </ClInclude>
    <ClInclude Include="src\Graphics\D3D11\ConstantBuffer\D3D11TransformMVP.h">
      <Filter>Graphics\D3D11\ConstantBuffer</Filter>
    </ClInclude>
    <ClInclude Include="src\Graphics\D3D11\ConstantBuffer\D3D11UnrealPBRConstants.h">
      <Filter>Graphics\D3D11\ConstantBuffer</Filter>
    </ClInclude>
    <ClInclude Include="src\Graphics\D3D11\ConstantBuffer\D3D11VertexShaderConstants.h">
      <Filter>Graphics\D3D11\ConstantBuffer</Filter>
    </ClInclude>
    <ClInclude Include="src\Graphics\D3D11\D3D11Core.h">
      <Filter>Graphics\D3D11</Filter>
    </ClInclude>
    <ClInclude Include="src\Graphics\D3D11\D3D11Cubemap.h">
      <Filter>Graphics\D3D11</Filter>
    </ClInclude>
    <ClInclude Include="src\Graphics\D3D11\D3D11FullScreenFilter.h">
      <Filter>Graphics\D3D11</Filter>
    </ClInclude>
    <ClInclude Include="src\Graphics\D3D11\D3D11RenderCommand.h">
      <Filter>Graphics\D3D11</Filter>
    </ClInclude>
    <ClInclude Include="src\Graphics\D3D11\D3D11RenderData.h">
      <Filter>Graphics\D3D11</Filter>
    </ClInclude>
    <ClInclude Include="src\Graphics\D3D11\D3D11RenderTarget.h">
      <Filter>Graphics\D3D11</Filter>
    </ClInclude>
    <ClInclude Include="src\Graphics\D3D11\D3D11Sampler.h">
      <Filter>Graphics\D3D11</Filter>
    </ClInclude>
    <ClInclude Include="src\Graphics\D3D11\Effect\D3D11Effect.h">
      <Filter>Graphics\D3D11\Effect</Filter>
    </ClInclude>
    <ClInclude Include="src\Graphics\D3D11\GeometryPipeline\D3D11BillBoard.h">
      <Filter>Graphics\D3D11\GeometryPipeline</Filter>
    </ClInclude>
    <ClInclude Include="src\Graphics\D3D11\GeometryPipeline\D3D11Tessellation.h">
      <Filter>Graphics\D3D11\GeometryPipeline</Filter>
    </ClInclude>
    <ClInclude Include="src\Graphics\D3D11\PipelineState\D3D11InputLayout.h">
      <Filter>Graphics\D3D11\PipelineState</Filter>
    </ClInclude>
    <ClInclude Include="src\Graphics\D3D11\PipelineState\D3D11PSOLibrary.h">
      <Filter>Graphics\D3D11\PipelineState</Filter>
    </ClInclude>
    <ClInclude Include="src\Graphics\D3D11\PipelineState\D3D11PipelineStateCommon.h">
      <Filter>Graphics\D3D11\PipelineState</Filter>
    </ClInclude>
    <ClInclude Include="src\Graphics\D3D11\PipelineState\D3D11PipelineStateHolder.h">
      <Filter>Graphics\D3D11\PipelineState</Filter>
    </ClInclude>
    <ClInclude Include="src\Graphics\D3D11\PipelineState\D3D11PipelineStateObject.h">
      <Filter>Graphics\D3D11\PipelineState</Filter>
    </ClInclude>
    <ClInclude Include="src\Graphics\D3D11\PipelineState\D3D11PixelShader.h">
      <Filter>Graphics\D3D11\PipelineState</Filter>
    </ClInclude>
    <ClInclude Include="src\Graphics\D3D11\PipelineState\D3D11VertexShader.h">
      <Filter>Graphics\D3D11\PipelineState</Filter>
    </ClInclude>
    <ClInclude Include="src\Graphics\D3D11\RenderObject\D3D11ConcreteLight.h">
      <Filter>Graphics\D3D11\RenderObject</Filter>
    </ClInclude>
    <ClInclude Include="src\Graphics\D3D11\RenderObject\D3D11RenderObject.h">
      <Filter>Graphics\D3D11\RenderObject</Filter>
    </ClInclude>
    <ClInclude Include="src\Graphics\D3D11\RenderPass\D3D11RenderPass.h">
      <Filter>Graphics\D3D11\RenderPass</Filter>
    </ClInclude>
    <ClInclude Include="src\Graphics\D3D11\RenderStrategy\D3D11PhongStrategy.h">
      <Filter>Graphics\D3D11\RenderStrategy</Filter>
    </ClInclude>
    <ClInclude Include="src\Graphics\D3D11\RenderStrategy\D3D11RenderStrategy.h">
      <Filter>Graphics\D3D11\RenderStrategy</Filter>
    </ClInclude>
    <ClInclude Include="src\Graphics\D3D11\RenderStrategy\D3D11SolidStrategy.h">
      <Filter>Graphics\D3D11\RenderStrategy</Filter>
    </ClInclude>
    <ClInclude Include="src\Graphics\D3D11\RenderStrategy\D3D11UnrealPBRStrategy.h">
      <Filter>Graphics\D3D11\RenderStrategy</Filter>
    </ClInclude>
    <ClInclude Include="src\Graphics\D3D11\SceneGraph\D3D11IndexBuffer.h">
      <Filter>Graphics\D3D11\SceneGraph</Filter>
    </ClInclude>
    <ClInclude Include="src\Graphics\D3D11\SceneGraph\D3D11MeshDataHolder.h">
      <Filter>Graphics\D3D11\SceneGraph</Filter>
    </ClInclude>
    <ClInclude Include="src\Graphics\D3D11\SceneGraph\D3D11SceneGraph.h">
      <Filter>Graphics\D3D11\SceneGraph</Filter>
    </ClInclude>
    <ClInclude Include="src\Graphics\D3D11\SceneGraph\D3D11SceneHolder.h">
      <Filter>Graphics\D3D11\SceneGraph</Filter>
    </ClInclude>
    <ClInclude Include="src\Graphics\D3D11\SceneGraph\D3D11VertexAttribute.h">
      <Filter>Graphics\D3D11\SceneGraph</Filter>
    </ClInclude>
    <ClInclude Include="src\Graphics\D3D11\SceneGraph\D3D11VertexBuffer.h">
      <Filter>Graphics\D3D11\SceneGraph</Filter>
    </ClInclude>
    <ClInclude Include="src\Graphics\D3D11\ShaderResource\D3D11AmbientOcclusionMap.h">
      <Filter>Graphics\D3D11\ShaderResource</Filter>
    </ClInclude>
    <ClInclude Include="src\Graphics\D3D11\ShaderResource\D3D11BRDFLut.h">
      <Filter>Graphics\D3D11\ShaderResource</Filter>
    </ClInclude>
    <ClInclude Include="src\Graphics\D3D11\ShaderResource\D3D11CubemapTexture.h">
      <Filter>Graphics\D3D11\ShaderResource</Filter>
    </ClInclude>
    <ClInclude Include="src\Graphics\D3D11\ShaderResource\D3D11DiffuseMap.h">
      <Filter>Graphics\D3D11\ShaderResource</Filter>
    </ClInclude>
    <ClInclude Include="src\Graphics\D3D11\ShaderResource\D3D11EmissiveMap.h">
      <Filter>Graphics\D3D11\ShaderResource</Filter>
    </ClInclude>
    <ClInclude Include="src\Graphics\D3D11\ShaderResource\D3D11GlossinessMap.h">
      <Filter>Graphics\D3D11\ShaderResource</Filter>
    </ClInclude>
    <ClInclude Include="src\Graphics\D3D11\ShaderResource\D3D11HeightMap.h">
      <Filter>Graphics\D3D11\ShaderResource</Filter>
    </ClInclude>
    <ClInclude Include="src\Graphics\D3D11\ShaderResource\D3D11MetallicMap.h">
      <Filter>Graphics\D3D11\ShaderResource</Filter>
    </ClInclude>
    <ClInclude Include="src\Graphics\D3D11\ShaderResource\D3D11NormalMap.h">
      <Filter>Graphics\D3D11\ShaderResource</Filter>
    </ClInclude>
    <ClInclude Include="src\Graphics\D3D11\ShaderResource\D3D11OpacityMap.h">
      <Filter>Graphics\D3D11\ShaderResource</Filter>
    </ClInclude>
    <ClInclude Include="src\Graphics\D3D11\ShaderResource\D3D11ReflectionMap.h">
      <Filter>Graphics\D3D11\ShaderResource</Filter>
    </ClInclude>
    <ClInclude Include="src\Graphics\D3D11\ShaderResource\D3D11RoughnessMap.h">
      <Filter>Graphics\D3D11\ShaderResource</Filter>
    </ClInclude>
    <ClInclude Include="src\Graphics\D3D11\ShaderResource\D3D11ShaderResource.h">
      <Filter>Graphics\D3D11\ShaderResource</Filter>
    </ClInclude>
    <ClInclude Include="src\Graphics\D3D11\ShaderResource\D3D11SpecularMap.h">
      <Filter>Graphics\D3D11\ShaderResource</Filter>
    </ClInclude>
    <ClInclude Include="src\Graphics\D3DCamera.h">
      <Filter>Graphics</Filter>
    </ClInclude>
    <ClInclude Include="src\Graphics\GUI\D3D11ImGuiFileBrowser.h">
      <Filter>Graphics\GUI</Filter>
    </ClInclude>
    <ClInclude Include="src\Graphics\GUI\D3D11ImGuiRenderer.h">
      <Filter>Graphics\GUI</Filter>
    </ClInclude>
    <ClInclude Include="src\Graphics\GraphicsCore.h">
      <Filter>Graphics</Filter>
    </ClInclude>
    <ClInclude Include="src\Memory\MemoryAllocator.h">
      <Filter>Memory</Filter>
    </ClInclude>
    <ClInclude Include="src\Memory\MemoryLib.h">
      <Filter>Memory</Filter>
    </ClInclude>
    <ClInclude Include="src\Memory\MemoryPool.h">
      <Filter>Memory</Filter>
    </ClInclude>
    <ClInclude Include="src\Platform\Input.h">
      <Filter>Platform</Filter>
    </ClInclude>
    <ClInclude Include="src\Platform\Platform.h">
      <Filter>Platform</Filter>
    </ClInclude>
    <ClInclude Include="src\Platform\WindowsInclude.h">
      <Filter>Platform</Filter>
    </ClInclude>
    <ClInclude Include="src\Thread\DeadLockProfiler.h">
      <Filter>Thread</Filter>
    </ClInclude>
    <ClInclude Include="src\Thread\GlobalQueue.h">
      <Filter>Thread</Filter>
    </ClInclude>
    <ClInclude Include="src\Thread\Job.h">
      <Filter>Thread</Filter>
    </ClInclude>
    <ClInclude Include="src\Thread\JobQueue.h">
      <Filter>Thread</Filter>
    </ClInclude>
    <ClInclude Include="src\Thread\Lock.h">
      <Filter>Thread</Filter>
    </ClInclude>
    <ClInclude Include="src\Thread\LockQueue.h">
      <Filter>Thread</Filter>
    </ClInclude>
    <ClInclude Include="src\Thread\ThreadMan.h">
      <Filter>Thread</Filter>
    </ClInclude>
    <ClInclude Include="src\Utils\Clk.h">
      <Filter>Utils</Filter>
    </ClInclude>
    <ClInclude Include="src\pch.h" />
  </ItemGroup>
  <ItemGroup>
    <ClCompile Include="src\Core\Application.cpp">
      <Filter>Core</Filter>
    </ClCompile>
    <ClCompile Include="src\Core\Log.cpp">
      <Filter>Core</Filter>
    </ClCompile>
    <ClCompile Include="src\Graphics\D3D11\ConstantBuffer\D3D11ConstantBuffer.cpp">
      <Filter>Graphics\D3D11\ConstantBuffer</Filter>
    </ClCompile>
    <ClCompile Include="src\Graphics\D3D11\ConstantBuffer\D3D11DirectionalLight.cpp">
      <Filter>Graphics\D3D11\ConstantBuffer</Filter>
    </ClCompile>
    <ClCompile Include="src\Graphics\D3D11\ConstantBuffer\D3D11GlobalConstants.cpp">
      <Filter>Graphics\D3D11\ConstantBuffer</Filter>
    </ClCompile>
    <ClCompile Include="src\Graphics\D3D11\ConstantBuffer\D3D11HemisphericAmbientLight.cpp">
      <Filter>Graphics\D3D11\ConstantBuffer</Filter>
    </ClCompile>
    <ClCompile Include="src\Graphics\D3D11\ConstantBuffer\D3D11LightSpot.cpp">
      <Filter>Graphics\D3D11\ConstantBuffer</Filter>
    </ClCompile>
    <ClCompile Include="src\Graphics\D3D11\ConstantBuffer\D3D11PhongConstants.cpp">
      <Filter>Graphics\D3D11\ConstantBuffer</Filter>
    </ClCompile>
    <ClCompile Include="src\Graphics\D3D11\ConstantBuffer\D3D11PointLight.cpp">
      <Filter>Graphics\D3D11\ConstantBuffer</Filter>
    </ClCompile>
    <ClCompile Include="src\Graphics\D3D11\ConstantBuffer\D3D11SolidConstant.cpp">
      <Filter>Graphics\D3D11\ConstantBuffer</Filter>
    </ClCompile>
    <ClCompile Include="src\Graphics\D3D11\ConstantBuffer\D3D11TransformMVP.cpp">
      <Filter>Graphics\D3D11\ConstantBuffer</Filter>
    </ClCompile>
    <ClCompile Include="src\Graphics\D3D11\ConstantBuffer\D3D11UnrealPBRConstants.cpp">
      <Filter>Graphics\D3D11\ConstantBuffer</Filter>
    </ClCompile>
    <ClCompile Include="src\Graphics\D3D11\ConstantBuffer\D3D11VertexShaderConstants.cpp">
      <Filter>Graphics\D3D11\ConstantBuffer</Filter>
    </ClCompile>
    <ClCompile Include="src\Graphics\D3D11\D3D11Core.cpp">
      <Filter>Graphics\D3D11</Filter>
    </ClCompile>
    <ClCompile Include="src\Graphics\D3D11\D3D11Cubemap.cpp">
      <Filter>Graphics\D3D11</Filter>
    </ClCompile>
    <ClCompile Include="src\Graphics\D3D11\D3D11FullScreenFilter.cpp">
      <Filter>Graphics\D3D11</Filter>
    </ClCompile>
    <ClCompile Include="src\Graphics\D3D11\D3D11RenderCommand.cpp">
      <Filter>Graphics\D3D11</Filter>
    </ClCompile>
    <ClCompile Include="src\Graphics\D3D11\D3D11RenderData.cpp">
      <Filter>Graphics\D3D11</Filter>
    </ClCompile>
    <ClCompile Include="src\Graphics\D3D11\D3D11RenderTarget.cpp">
      <Filter>Graphics\D3D11</Filter>
    </ClCompile>
    <ClCompile Include="src\Graphics\D3D11\D3D11Sampler.cpp">
      <Filter>Graphics\D3D11</Filter>
    </ClCompile>
    <ClCompile Include="src\Graphics\D3D11\Effect\D3D11Effect.cpp">
      <Filter>Graphics\D3D11\Effect</Filter>
    </ClCompile>
    <ClCompile Include="src\Graphics\D3D11\GeometryPipeline\D3D11BillBoard.cpp">
      <Filter>Graphics\D3D11\GeometryPipeline</Filter>
    </ClCompile>
    <ClCompile Include="src\Graphics\D3D11\GeometryPipeline\D3D11Tessellation.cpp">
      <Filter>Graphics\D3D11\GeometryPipeline</Filter>
    </ClCompile>
    <ClCompile Include="src\Graphics\D3D11\PipelineState\D3D11InputLayout.cpp">
      <Filter>Graphics\D3D11\PipelineState</Filter>
    </ClCompile>
    <ClCompile Include="src\Graphics\D3D11\PipelineState\D3D11PSOLibrary.cpp">
      <Filter>Graphics\D3D11\PipelineState</Filter>
    </ClCompile>
    <ClCompile Include="src\Graphics\D3D11\PipelineState\D3D11PipelineStateHolder.cpp">
      <Filter>Graphics\D3D11\PipelineState</Filter>
    </ClCompile>
    <ClCompile Include="src\Graphics\D3D11\PipelineState\D3D11PipelineStateObject.cpp">
      <Filter>Graphics\D3D11\PipelineState</Filter>
    </ClCompile>
    <ClCompile Include="src\Graphics\D3D11\PipelineState\D3D11PixelShader.cpp">
      <Filter>Graphics\D3D11\PipelineState</Filter>
    </ClCompile>
    <ClCompile Include="src\Graphics\D3D11\PipelineState\D3D11VertexShader.cpp">
      <Filter>Graphics\D3D11\PipelineState</Filter>
    </ClCompile>
    <ClCompile Include="src\Graphics\D3D11\RenderObject\D3D11ConcreteLight.cpp">
      <Filter>Graphics\D3D11\RenderObject</Filter>
    </ClCompile>
    <ClCompile Include="src\Graphics\D3D11\RenderObject\D3D11RenderObject.cpp">
      <Filter>Graphics\D3D11\RenderObject</Filter>
    </ClCompile>
    <ClCompile Include="src\Graphics\D3D11\RenderPass\D3D11RenderPass.cpp">
      <Filter>Graphics\D3D11\RenderPass</Filter>
    </ClCompile>
    <ClCompile Include="src\Graphics\D3D11\RenderStrategy\D3D11PhongStrategy.cpp">
      <Filter>Graphics\D3D11\RenderStrategy</Filter>
    </ClCompile>
    <ClCompile Include="src\Graphics\D3D11\RenderStrategy\D3D11RenderStrategy.cpp">
      <Filter>Graphics\D3D11\RenderStrategy</Filter>
    </ClCompile>
    <ClCompile Include="src\Graphics\D3D11\RenderStrategy\D3D11SolidStrategy.cpp">
      <Filter>Graphics\D3D11\RenderStrategy</Filter>
    </ClCompile>
    <ClCompile Include="src\Graphics\D3D11\RenderStrategy\D3D11UnrealPBRStrategy.cpp">
      <Filter>Graphics\D3D11\RenderStrategy</Filter>
    </ClCompile>
    <ClCompile Include="src\Graphics\D3D11\SceneGraph\D3D11IndexBuffer.cpp">
      <Filter>Graphics\D3D11\SceneGraph</Filter>
    </ClCompile>
    <ClCompile Include="src\Graphics\D3D11\SceneGraph\D3D11MeshDataHolder.cpp">
      <Filter>Graphics\D3D11\SceneGraph</Filter>
    </ClCompile>
    <ClCompile Include="src\Graphics\D3D11\SceneGraph\D3D11SceneGraph.cpp">
      <Filter>Graphics\D3D11\SceneGraph</Filter>
    </ClCompile>
    <ClCompile Include="src\Graphics\D3D11\SceneGraph\D3D11SceneHolder.cpp">
      <Filter>Graphics\D3D11\SceneGraph</Filter>
    </ClCompile>
    <ClCompile Include="src\Graphics\D3D11\SceneGraph\D3D11VertexAttribute.cpp">
      <Filter>Graphics\D3D11\SceneGraph</Filter>
    </ClCompile>
    <ClCompile Include="src\Graphics\D3D11\SceneGraph\D3D11VertexBuffer.cpp">
      <Filter>Graphics\D3D11\SceneGraph</Filter>
    </ClCompile>
    <ClCompile Include="src\Graphics\D3D11\ShaderResource\D3D11AmbientOcclusionMap.cpp">
      <Filter>Graphics\D3D11\ShaderResource</Filter>
    </ClCompile>
    <ClCompile Include="src\Graphics\D3D11\ShaderResource\D3D11BRDFLut.cpp">
      <Filter>Graphics\D3D11\ShaderResource</Filter>
    </ClCompile>
    <ClCompile Include="src\Graphics\D3D11\ShaderResource\D3D11CubemapTexture.cpp">
      <Filter>Graphics\D3D11\ShaderResource</Filter>
    </ClCompile>
    <ClCompile Include="src\Graphics\D3D11\ShaderResource\D3D11DiffuseMap.cpp">
      <Filter>Graphics\D3D11\ShaderResource</Filter>
    </ClCompile>
    <ClCompile Include="src\Graphics\D3D11\ShaderResource\D3D11EmissiveMap.cpp">
      <Filter>Graphics\D3D11\ShaderResource</Filter>
    </ClCompile>
    <ClCompile Include="src\Graphics\D3D11\ShaderResource\D3D11GlossinessMap.cpp">
      <Filter>Graphics\D3D11\ShaderResource</Filter>
    </ClCompile>
    <ClCompile Include="src\Graphics\D3D11\ShaderResource\D3D11HeightMap.cpp">
      <Filter>Graphics\D3D11\ShaderResource</Filter>
    </ClCompile>
    <ClCompile Include="src\Graphics\D3D11\ShaderResource\D3D11MetallicMap.cpp">
      <Filter>Graphics\D3D11\ShaderResource</Filter>
    </ClCompile>
    <ClCompile Include="src\Graphics\D3D11\ShaderResource\D3D11NormalMap.cpp">
      <Filter>Graphics\D3D11\ShaderResource</Filter>
    </ClCompile>
    <ClCompile Include="src\Graphics\D3D11\ShaderResource\D3D11OpacityMap.cpp">
      <Filter>Graphics\D3D11\ShaderResource</Filter>
    </ClCompile>
    <ClCompile Include="src\Graphics\D3D11\ShaderResource\D3D11ReflectionMap.cpp">
      <Filter>Graphics\D3D11\ShaderResource</Filter>
    </ClCompile>
    <ClCompile Include="src\Graphics\D3D11\ShaderResource\D3D11RoughnessMap.cpp">
      <Filter>Graphics\D3D11\ShaderResource</Filter>
    </ClCompile>
    <ClCompile Include="src\Graphics\D3D11\ShaderResource\D3D11ShaderResource.cpp">
      <Filter>Graphics\D3D11\ShaderResource</Filter>
    </ClCompile>
    <ClCompile Include="src\Graphics\D3D11\ShaderResource\D3D11SpecularMap.cpp">
      <Filter>Graphics\D3D11\ShaderResource</Filter>
    </ClCompile>
    <ClCompile Include="src\Graphics\D3DCamera.cpp">
      <Filter>Graphics</Filter>
    </ClCompile>
    <ClCompile Include="src\Graphics\GUI\D3D11ImGuiFileBrowser.cpp">
      <Filter>Graphics\GUI</Filter>
    </ClCompile>
    <ClCompile Include="src\Graphics\GUI\D3D11ImGuiRenderer.cpp">
      <Filter>Graphics\GUI</Filter>
    </ClCompile>
    <ClCompile Include="src\Graphics\GraphicsCore.cpp">
      <Filter>Graphics</Filter>
    </ClCompile>
    <ClCompile Include="src\Memory\MemoryAllocator.cpp">
      <Filter>Memory</Filter>
    </ClCompile>
    <ClCompile Include="src\Memory\MemoryLib.cpp">
      <Filter>Memory</Filter>
    </ClCompile>
    <ClCompile Include="src\Memory\MemoryPool.cpp">
      <Filter>Memory</Filter>
    </ClCompile>
    <ClCompile Include="src\Platform\Input.cpp">
      <Filter>Platform</Filter>
    </ClCompile>
    <ClCompile Include="src\Platform\Platform.cpp">
      <Filter>Platform</Filter>
    </ClCompile>
    <ClCompile Include="src\Thread\DeadLockProfiler.cpp">
      <Filter>Thread</Filter>
    </ClCompile>
    <ClCompile Include="src\Thread\GlobalQueue.cpp">
      <Filter>Thread</Filter>
    </ClCompile>
    <ClCompile Include="src\Thread\JobQueue.cpp">
      <Filter>Thread</Filter>
    </ClCompile>
    <ClCompile Include="src\Thread\Lock.cpp">
      <Filter>Thread</Filter>
    </ClCompile>
    <ClCompile Include="src\Thread\ThreadMan.cpp">
      <Filter>Thread</Filter>
    </ClCompile>
    <ClCompile Include="src\Utils\Clk.cpp">
      <Filter>Utils</Filter>
    </ClCompile>
    <ClCompile Include="src\pch.cpp" />
  </ItemGroup>
  <ItemGroup>
    <FxCompile Include="src\Graphics\HLSL\basic_ibl_PS.hlsl">
      <Filter>Graphics\HLSL</Filter>
    </FxCompile>
    <FxCompile Include="src\Graphics\HLSL\basic_ibl_VS.hlsl">
      <Filter>Graphics\HLSL</Filter>
    </FxCompile>
    <FxCompile Include="src\Graphics\HLSL\basic_ibl_tex_PS.hlsl">
      <Filter>Graphics\HLSL</Filter>
    </FxCompile>
    <FxCompile Include="src\Graphics\HLSL\basic_ibl_tex_VS.hlsl">
      <Filter>Graphics\HLSL</Filter>
    </FxCompile>
    <FxCompile Include="src\Graphics\HLSL\environmapping_normal_PS.hlsl">
      <Filter>Graphics\HLSL</Filter>
    </FxCompile>
    <FxCompile Include="src\Graphics\HLSL\environmapping_normal_VS.hlsl">
      <Filter>Graphics\HLSL</Filter>
    </FxCompile>
    <FxCompile Include="src\Graphics\HLSL\environmapping_reflect_PS.hlsl">
      <Filter>Graphics\HLSL</Filter>
    </FxCompile>
    <FxCompile Include="src\Graphics\HLSL\environmapping_reflect_VS.hlsl">
      <Filter>Graphics\HLSL</Filter>
    </FxCompile>
    <FxCompile Include="src\Graphics\HLSL_PS\cubemap_PS.hlsl">
      <Filter>Graphics\HLSL_PS</Filter>
    </FxCompile>
    <FxCompile Include="src\Graphics\HLSL_PS\fullscreen_blur_PS.hlsl">
      <Filter>Graphics\HLSL_PS</Filter>
    </FxCompile>
    <FxCompile Include="src\Graphics\HLSL_PS\phong_PS.hlsl">
      <Filter>Graphics\HLSL_PS</Filter>
    </FxCompile>
    <FxCompile Include="src\Graphics\HLSL_PS\point_light_PS.hlsl">
      <Filter>Graphics\HLSL_PS</Filter>
    </FxCompile>
    <FxCompile Include="src\Graphics\HLSL_PS\post_null_PS.hlsl">
      <Filter>Graphics\HLSL_PS</Filter>
    </FxCompile>
    <FxCompile Include="src\Graphics\HLSL_PS\solid_PS.hlsl">
      <Filter>Graphics\HLSL_PS</Filter>
    </FxCompile>
    <FxCompile Include="src\Graphics\HLSL_PS\unreal_pbr_PS.hlsl">
      <Filter>Graphics\HLSL_PS</Filter>
    </FxCompile>
    <FxCompile Include="src\Graphics\HLSL_VS\fullscreen_filter_VS.hlsl">
      <Filter>Graphics\HLSL_VS</Filter>
    </FxCompile>
    <FxCompile Include="src\Graphics\HLSL_VS\phong_VS.hlsl">
      <Filter>Graphics\HLSL_VS</Filter>
    </FxCompile>
    <FxCompile Include="src\Graphics\HLSL_VS\pos_VS.hlsl">
      <Filter>Graphics\HLSL_VS</Filter>
    </FxCompile>
    <FxCompile Include="src\Graphics\HLSL_VS\pos_norm_VS.hlsl">
      <Filter>Graphics\HLSL_VS</Filter>
    </FxCompile>
    <FxCompile Include="src\Graphics\HLSL_VS\pos_norm_tan_VS.hlsl">
      <Filter>Graphics\HLSL_VS</Filter>
    </FxCompile>
    <FxCompile Include="src\Graphics\HLSL_VS\pos_norm_tan_tex_VS.hlsl">
      <Filter>Graphics\HLSL_VS</Filter>
    </FxCompile>
    <FxCompile Include="src\Graphics\HLSL_VS\pos_norm_tex_VS.hlsl">
      <Filter>Graphics\HLSL_VS</Filter>
    </FxCompile>
    <FxCompile Include="src\Graphics\HLSL_VS\pos_norm_tex_height_VS.hlsl">
      <Filter>Graphics\HLSL_VS</Filter>
    </FxCompile>
    <FxCompile Include="src\Graphics\HLSL_VS\pos_tex_VS.hlsl">
      <Filter>Graphics\HLSL_VS</Filter>
    </FxCompile>
    <FxCompile Include="src\Graphics\HLSL_VS\solid_VS.hlsl">
      <Filter>Graphics\HLSL_VS</Filter>
    </FxCompile>
    <FxCompile Include="src\Graphics\HLSL_VS\unreal_pbr_VS.hlsl">
      <Filter>Graphics\HLSL_VS</Filter>
    </FxCompile>
  </ItemGroup>
</Project>