<?xml version="1.0" encoding="utf-8"?>
<Project ToolsVersion="4.0" xmlns="http://schemas.microsoft.com/developer/msbuild/2003">
  <ItemGroup>
    <Filter Include="src">
      <UniqueIdentifier>{2DAB880B-99B4-887C-2230-9F7C8E38947C}</UniqueIdentifier>
    </Filter>
    <Filter Include="src\Core">
      <UniqueIdentifier>{A5D31CCF-91A0-77DA-BAB9-6582A6E5AC68}</UniqueIdentifier>
    </Filter>
    <Filter Include="src\Graphics">
      <UniqueIdentifier>{0D564864-F9B8-D708-A23E-10BF8E80A38B}</UniqueIdentifier>
    </Filter>
    <Filter Include="src\Graphics\D3D12">
      <UniqueIdentifier>{BA02F4E5-A6E6-B43B-0F47-AF8EFB499FBD}</UniqueIdentifier>
    </Filter>
    <Filter Include="src\Graphics\D3D12\Bindable">
      <UniqueIdentifier>{DA2798C3-4635-C6A9-CF1B-C2943B289260}</UniqueIdentifier>
    </Filter>
    <Filter Include="src\Graphics\D3D12\Bindable\PipelineState">
      <UniqueIdentifier>{609EEBDD-CCB8-4E7F-15DB-5E1381347686}</UniqueIdentifier>
    </Filter>
    <Filter Include="src\Graphics\D3D12\Bindable\RootSignature">
      <UniqueIdentifier>{7F149DF4-EB2E-0096-3451-102AA0AA279D}</UniqueIdentifier>
    </Filter>
    <Filter Include="src\Graphics\D3D12\Descriptor">
      <UniqueIdentifier>{88AEDCB8-F4C6-C3E2-BD73-537C294B587C}</UniqueIdentifier>
    </Filter>
    <Filter Include="src\Graphics\D3D12\Drawable">
      <UniqueIdentifier>{CBB5EC33-37C3-1A1A-C0A9-16052CB6E6D0}</UniqueIdentifier>
    </Filter>
    <Filter Include="src\Graphics\D3D12\Resource">
      <UniqueIdentifier>{11964860-7DA3-7646-068A-7231729642FD}</UniqueIdentifier>
    </Filter>
    <Filter Include="src\Graphics\D3D12\TEMP">
      <UniqueIdentifier>{3F86261E-ABBD-6EB5-B4C7-D2D8207E95AE}</UniqueIdentifier>
    </Filter>
    <Filter Include="src\Graphics\HLSL">
      <UniqueIdentifier>{6F6FBC0E-DB85-BAA4-24FD-45C690528B2C}</UniqueIdentifier>
    </Filter>
    <Filter Include="src\Memory">
      <UniqueIdentifier>{F56D3C20-E125-7E6D-4A2D-57C93604195E}</UniqueIdentifier>
    </Filter>
    <Filter Include="src\Platform">
      <UniqueIdentifier>{21CA02E5-0D2D-9289-B6B2-CA3FA2F45D0C}</UniqueIdentifier>
    </Filter>
    <Filter Include="src\Thread">
      <UniqueIdentifier>{F464C930-E01C-0B7E-4924-E4D935FBA56E}</UniqueIdentifier>
    </Filter>
  </ItemGroup>
  <ItemGroup>
    <ClInclude Include="src\Core\Application.h">
      <Filter>src\Core</Filter>
    </ClInclude>
    <ClInclude Include="src\Core\Core.h">
      <Filter>src\Core</Filter>
    </ClInclude>
    <ClInclude Include="src\Core\Log.h">
      <Filter>src\Core</Filter>
    </ClInclude>
    <ClInclude Include="src\Engine.h">
      <Filter>src</Filter>
    </ClInclude>
    <ClInclude Include="src\EntryPoint.h">
      <Filter>src</Filter>
    </ClInclude>
    <ClInclude Include="src\Graphics\D3D12\TEMP\Vertex.h">
      <Filter>src\Graphics\D3D12\TEMP</Filter>
    </ClInclude>
    <ClInclude Include="src\Graphics\GraphicsContext.h">
      <Filter>src\Graphics</Filter>
    </ClInclude>
    <ClInclude Include="src\Memory\MemoryAllocator.h">
      <Filter>src\Memory</Filter>
    </ClInclude>
    <ClInclude Include="src\Memory\MemoryLib.h">
      <Filter>src\Memory</Filter>
    </ClInclude>
    <ClInclude Include="src\Memory\MemoryPool.h">
      <Filter>src\Memory</Filter>
    </ClInclude>
    <ClInclude Include="src\Platform\Platform.h">
      <Filter>src\Platform</Filter>
    </ClInclude>
    <ClInclude Include="src\Thread\DeadLockProfiler.h">
      <Filter>src\Thread</Filter>
    </ClInclude>
    <ClInclude Include="src\Thread\GlobalQueue.h">
      <Filter>src\Thread</Filter>
    </ClInclude>
    <ClInclude Include="src\Thread\Job.h">
      <Filter>src\Thread</Filter>
    </ClInclude>
    <ClInclude Include="src\Thread\JobQueue.h">
      <Filter>src\Thread</Filter>
    </ClInclude>
    <ClInclude Include="src\Thread\Lock.h">
      <Filter>src\Thread</Filter>
    </ClInclude>
    <ClInclude Include="src\Thread\LockQueue.h">
      <Filter>src\Thread</Filter>
    </ClInclude>
    <ClInclude Include="src\Thread\ThreadMan.h">
      <Filter>src\Thread</Filter>
    </ClInclude>
    <ClInclude Include="src\pch.h">
      <Filter>src</Filter>
    </ClInclude>
    <ClInclude Include="src\Graphics\D3D12\D3D12Core.h" />
    <ClInclude Include="src\Graphics\D3D12\D3D12Resource.h" />
  </ItemGroup>
  <ItemGroup>
    <ClCompile Include="src\Core\Application.cpp">
      <Filter>src\Core</Filter>
    </ClCompile>
    <ClCompile Include="src\Core\Log.cpp">
      <Filter>src\Core</Filter>
    </ClCompile>
    <ClCompile Include="src\Graphics\D3D12\TEMP\Vertex.cpp">
      <Filter>src\Graphics\D3D12\TEMP</Filter>
    </ClCompile>
    <ClCompile Include="src\Graphics\GraphicsContext.cpp">
      <Filter>src\Graphics</Filter>
    </ClCompile>
    <ClCompile Include="src\Memory\MemoryAllocator.cpp">
      <Filter>src\Memory</Filter>
    </ClCompile>
    <ClCompile Include="src\Memory\MemoryPool.cpp">
      <Filter>src\Memory</Filter>
    </ClCompile>
    <ClCompile Include="src\Platform\Platform.cpp">
      <Filter>src\Platform</Filter>
    </ClCompile>
    <ClCompile Include="src\Thread\DeadLockProfiler.cpp">
      <Filter>src\Thread</Filter>
    </ClCompile>
    <ClCompile Include="src\Thread\GlobalQueue.cpp">
      <Filter>src\Thread</Filter>
    </ClCompile>
    <ClCompile Include="src\Thread\JobQueue.cpp">
      <Filter>src\Thread</Filter>
    </ClCompile>
    <ClCompile Include="src\Thread\Lock.cpp">
      <Filter>src\Thread</Filter>
    </ClCompile>
    <ClCompile Include="src\Thread\ThreadMan.cpp">
      <Filter>src\Thread</Filter>
    </ClCompile>
    <ClCompile Include="src\pch.cpp">
      <Filter>src</Filter>
    </ClCompile>
    <ClCompile Include="src\Graphics\D3D12\D3D12Core.cpp" />
    <ClCompile Include="src\Graphics\D3D12\D3D12Resource.cpp" />
  </ItemGroup>
  <ItemGroup>
    <FxCompile Include="src\Graphics\HLSL\basicPS.hlsl">
      <Filter>src\Graphics\HLSL</Filter>
    </FxCompile>
    <FxCompile Include="src\Graphics\HLSL\basicVS.hlsl">
      <Filter>src\Graphics\HLSL</Filter>
    </FxCompile>
  </ItemGroup>
  <ItemGroup>
    <None Include="packages.config" />
  </ItemGroup>
</Project>